
Microsoft Visual Studio Solution File, Format Version 12.00
# Visual Studio Version 16
VisualStudioVersion = 16.0.35325.158
MinimumVisualStudioVersion = 10.0.40219.1
Project("{FAE04EC0-301F-11D3-BF4B-00C04F79EFBC}") = "CP_Presentacion", "Proyecto final\CP_Presentacion.csproj", "{ADEEED8B-3658-4AB6-9300-23CD8CA34BA6}"
EndProject
Project("{FAE04EC0-301F-11D3-BF4B-00C04F79EFBC}") = "CapaEntidades", "CapaEntidades\CapaEntidades.csproj", "{62E9183A-3E6E-4596-A147-C8376E081710}"
EndProject
Project("{FAE04EC0-301F-11D3-BF4B-00C04F79EFBC}") = "CapaDatos", "CapaDatos\CapaDatos.csproj", "{582EB29E-0513-4227-88D1-FB4DAA39F7EB}"
EndProject
Project("{FAE04EC0-301F-11D3-BF4B-00C04F79EFBC}") = "CapaNegocios", "CapaNegocios\CapaNegocios.csproj", "{30A828EA-4C0E-4016-A165-DD4F58B334E7}"
EndProject
Global
	GlobalSection(SolutionConfigurationPlatforms) = preSolution
		Debug|Any CPU = Debug|Any CPU
		Release|Any CPU = Release|Any CPU
	EndGlobalSection
	GlobalSection(ProjectConfigurationPlatforms) = postSolution
		{ADEEED8B-3658-4AB6-9300-23CD8CA34BA6}.Debug|Any CPU.ActiveCfg = Debug|Any CPU
		{ADEEED8B-3658-4AB6-9300-23CD8CA34BA6}.Debug|Any CPU.Build.0 = Debug|Any CPU
		{ADEEED8B-3658-4AB6-9300-23CD8CA34BA6}.Release|Any CPU.ActiveCfg = Release|Any CPU
		{ADEEED8B-3658-4AB6-9300-23CD8CA34BA6}.Release|Any CPU.Build.0 = Release|Any CPU
		{62E9183A-3E6E-4596-A147-C8376E081710}.Debug|Any CPU.ActiveCfg = Debug|Any CPU
		{62E9183A-3E6E-4596-A147-C8376E081710}.Debug|Any CPU.Build.0 = Debug|Any CPU
		{62E9183A-3E6E-4596-A147-C8376E081710}.Release|Any CPU.ActiveCfg = Release|Any CPU
		{62E9183A-3E6E-4596-A147-C8376E081710}.Release|Any CPU.Build.0 = Release|Any CPU
		{582EB29E-0513-4227-88D1-FB4DAA39F7EB}.Debug|Any CPU.ActiveCfg = Debug|Any CPU
		{582EB29E-0513-4227-88D1-FB4DAA39F7EB}.Debug|Any CPU.Build.0 = Debug|Any CPU
		{582EB29E-0513-4227-88D1-FB4DAA39F7EB}.Release|Any CPU.ActiveCfg = Release|Any CPU
		{582EB29E-0513-4227-88D1-FB4DAA39F7EB}.Release|Any CPU.Build.0 = Release|Any CPU
		{30A828EA-4C0E-4016-A165-DD4F58B334E7}.Debug|Any CPU.ActiveCfg = Debug|Any CPU
		{30A828EA-4C0E-4016-A165-DD4F58B334E7}.Debug|Any CPU.Build.0 = Debug|Any CPU
		{30A828EA-4C0E-4016-A165-DD4F58B334E7}.Release|Any CPU.ActiveCfg = Release|Any CPU
		{30A828EA-4C0E-4016-A165-DD4F58B334E7}.Release|Any CPU.Build.0 = Release|Any CPU
	EndGlobalSection
	GlobalSection(SolutionProperties) = preSolution
		HideSolutionNode = FALSE
	EndGlobalSection
	GlobalSection(ExtensibilityGlobals) = postSolution
		SolutionGuid = {8E69D6C5-2A7C-4595-BB7D-443E6C5BA630}
	EndGlobalSection
EndGlobal
